
Microsoft Visual Studio Solution File, Format Version 12.00
# Visual Studio 15
VisualStudioVersion = 15.0.26124.0
MinimumVisualStudioVersion = 15.0.26124.0
Project("{2150E333-8FDC-42A3-9474-1A3956D46DE8}") = "src", "src", "{81F3CA3F-D073-4454-A895-AB4A9C3E69D7}"
EndProject
Project("{FAE04EC0-301F-11D3-BF4B-00C04F79EFBC}") = "GradeBook", "src\GradeBook\GradeBook.csproj", "{12010B92-F156-4868-B046-E4FBB823BC30}"
EndProject
Project("{2150E333-8FDC-42A3-9474-1A3956D46DE8}") = "test", "test", "{369A4491-F08B-4935-9938-A1FAC0CA2D60}"
EndProject
Project("{FAE04EC0-301F-11D3-BF4B-00C04F79EFBC}") = "GradeBook.Tests", "test\GradeBook.Tests\GradeBook.Tests.csproj", "{894D6B28-9C0E-46AC-933C-AFF6718CB854}"
EndProject
Global
	GlobalSection(SolutionConfigurationPlatforms) = preSolution
		Debug|Any CPU = Debug|Any CPU
		Debug|x64 = Debug|x64
		Debug|x86 = Debug|x86
		Release|Any CPU = Release|Any CPU
		Release|x64 = Release|x64
		Release|x86 = Release|x86
	EndGlobalSection
	GlobalSection(SolutionProperties) = preSolution
		HideSolutionNode = FALSE
	EndGlobalSection
	GlobalSection(ProjectConfigurationPlatforms) = postSolution
		{12010B92-F156-4868-B046-E4FBB823BC30}.Debug|Any CPU.ActiveCfg = Debug|Any CPU
		{12010B92-F156-4868-B046-E4FBB823BC30}.Debug|Any CPU.Build.0 = Debug|Any CPU
		{12010B92-F156-4868-B046-E4FBB823BC30}.Debug|x64.ActiveCfg = Debug|Any CPU
		{12010B92-F156-4868-B046-E4FBB823BC30}.Debug|x64.Build.0 = Debug|Any CPU
		{12010B92-F156-4868-B046-E4FBB823BC30}.Debug|x86.ActiveCfg = Debug|Any CPU
		{12010B92-F156-4868-B046-E4FBB823BC30}.Debug|x86.Build.0 = Debug|Any CPU
		{12010B92-F156-4868-B046-E4FBB823BC30}.Release|Any CPU.ActiveCfg = Release|Any CPU
		{12010B92-F156-4868-B046-E4FBB823BC30}.Release|Any CPU.Build.0 = Release|Any CPU
		{12010B92-F156-4868-B046-E4FBB823BC30}.Release|x64.ActiveCfg = Release|Any CPU
		{12010B92-F156-4868-B046-E4FBB823BC30}.Release|x64.Build.0 = Release|Any CPU
		{12010B92-F156-4868-B046-E4FBB823BC30}.Release|x86.ActiveCfg = Release|Any CPU
		{12010B92-F156-4868-B046-E4FBB823BC30}.Release|x86.Build.0 = Release|Any CPU
		{894D6B28-9C0E-46AC-933C-AFF6718CB854}.Debug|Any CPU.ActiveCfg = Debug|Any CPU
		{894D6B28-9C0E-46AC-933C-AFF6718CB854}.Debug|Any CPU.Build.0 = Debug|Any CPU
		{894D6B28-9C0E-46AC-933C-AFF6718CB854}.Debug|x64.ActiveCfg = Debug|Any CPU
		{894D6B28-9C0E-46AC-933C-AFF6718CB854}.Debug|x64.Build.0 = Debug|Any CPU
		{894D6B28-9C0E-46AC-933C-AFF6718CB854}.Debug|x86.ActiveCfg = Debug|Any CPU
		{894D6B28-9C0E-46AC-933C-AFF6718CB854}.Debug|x86.Build.0 = Debug|Any CPU
		{894D6B28-9C0E-46AC-933C-AFF6718CB854}.Release|Any CPU.ActiveCfg = Release|Any CPU
		{894D6B28-9C0E-46AC-933C-AFF6718CB854}.Release|Any CPU.Build.0 = Release|Any CPU
		{894D6B28-9C0E-46AC-933C-AFF6718CB854}.Release|x64.ActiveCfg = Release|Any CPU
		{894D6B28-9C0E-46AC-933C-AFF6718CB854}.Release|x64.Build.0 = Release|Any CPU
		{894D6B28-9C0E-46AC-933C-AFF6718CB854}.Release|x86.ActiveCfg = Release|Any CPU
		{894D6B28-9C0E-46AC-933C-AFF6718CB854}.Release|x86.Build.0 = Release|Any CPU
	EndGlobalSection
	GlobalSection(NestedProjects) = preSolution
		{12010B92-F156-4868-B046-E4FBB823BC30} = {81F3CA3F-D073-4454-A895-AB4A9C3E69D7}
		{894D6B28-9C0E-46AC-933C-AFF6718CB854} = {369A4491-F08B-4935-9938-A1FAC0CA2D60}
	EndGlobalSection
EndGlobal
